
Microsoft Visual Studio Solution File, Format Version 12.00
# Visual Studio Version 17
VisualStudioVersion = 17.4.33213.308
MinimumVisualStudioVersion = 10.0.40219.1
Project("{FAE04EC0-301F-11D3-BF4B-00C04F79EFBC}") = "SuperSocketFileServer", "SuperSocketFileServer\SuperSocketFileServer.csproj", "{7CA56ACF-4907-4693-87B6-9810D55E63A1}"
EndProject
Global
	GlobalSection(SolutionConfigurationPlatforms) = preSolution
		Debug|Any CPU = Debug|Any CPU
		Release|Any CPU = Release|Any CPU
	EndGlobalSection
	GlobalSection(ProjectConfigurationPlatforms) = postSolution
		{7CA56ACF-4907-4693-87B6-9810D55E63A1}.Debug|Any CPU.ActiveCfg = Debug|Any CPU
		{7CA56ACF-4907-4693-87B6-9810D55E63A1}.Debug|Any CPU.Build.0 = Debug|Any CPU
		{7CA56ACF-4907-4693-87B6-9810D55E63A1}.Release|Any CPU.ActiveCfg = Release|Any CPU
		{7CA56ACF-4907-4693-87B6-9810D55E63A1}.Release|Any CPU.Build.0 = Release|Any CPU
	EndGlobalSection
	GlobalSection(SolutionProperties) = preSolution
		HideSolutionNode = FALSE
	EndGlobalSection
	GlobalSection(ExtensibilityGlobals) = postSolution
		SolutionGuid = {868BA63E-BE3F-41C7-A1AD-45D357525D57}
	EndGlobalSection
EndGlobal
